<?xml version="1.0" encoding="UTF-8" standalone="yes" ?>
<CodeBlocks_project_file>
	<FileVersion major="1" minor="6" />
	<Project>
		<Option title="GESTIO DE TRANSPORTE" />
		<Option pch_mode="2" />
		<Option compiler="gcc" />
		<Build>
			<Target title="Debug">
				<Option output="bin/Debug/GESTIO DE TRANSPORTE" prefix_auto="1" extension_auto="1" />
				<Option object_output="obj/Debug/" />
				<Option type="1" />
				<Option compiler="gcc" />
				<Compiler>
					<Add option="-g" />
				</Compiler>
			</Target>
			<Target title="Release">
				<Option output="bin/Release/GESTIO DE TRANSPORTE" prefix_auto="1" extension_auto="1" />
				<Option object_output="obj/Release/" />
				<Option type="1" />
				<Option compiler="gcc" />
				<Compiler>
					<Add option="-O2" />
				</Compiler>
				<Linker>
					<Add option="-s" />
				</Linker>
			</Target>
		</Build>
		<Compiler>
			<Add option="-Wall" />
			<Add option="-fexceptions" />
			<Add directory="SFML/include" />
		</Compiler>
		<Linker>
			<Add library="sfml-graphics" />
			<Add library="sfml-window" />
			<Add library="sfml-system" />
			<Add library="sfml-audio" />
			<Add directory="SFML/lib" />
		</Linker>
		<Unit filename="ARCHIVO_CHOFERES.cpp" />
		<Unit filename="ARCHIVO_CHOFERES.h" />
		<Unit filename="ARCHIVO_DESTINOS.cpp" />
		<Unit filename="ARCHIVO_DESTINOS.h" />
		<Unit filename="ARCHIVO_HISTORIAL_INGRESOS.cpp" />
		<Unit filename="ARCHIVO_HISTORIAL_INGRESOS.h" />
		<Unit filename="ARCHIVO_MICROS.cpp" />
		<Unit filename="ARCHIVO_MICROS.h" />
		<Unit filename="ARCHIVO_PASAJEROS.cpp" />
		<Unit filename="ARCHIVO_PASAJEROS.h" />
		<Unit filename="ARCHIVO_PROVINCIAS.cpp" />
		<Unit filename="ARCHIVO_PROVINCIAS.h" />
		<Unit filename="ARCHIVO_USUARIOS.cpp" />
		<Unit filename="ARCHIVO_USUARIOS.h" />
		<Unit filename="ARCHIVO_VIAJES.cpp" />
		<Unit filename="ARCHIVO_VIAJES.h" />
		<Unit filename="CHOFERES.cpp" />
		<Unit filename="CHOFERES.h" />
		<Unit filename="DESTINOS.cpp" />
		<Unit filename="DESTINOS.h" />
		<Unit filename="DOMICILIO.cpp" />
		<Unit filename="DOMICILIO.h" />
		<Unit filename="FECHAS.cpp" />
		<Unit filename="FECHAS.h" />
		<Unit filename="HORA.cpp" />
		<Unit filename="HORA.h" />
		<Unit filename="MICROS.cpp" />
		<Unit filename="MICROS.h" />
		<Unit filename="PASAJE.cpp" />
		<Unit filename="PASAJE.h" />
		<Unit filename="PASAJEROS.cpp" />
		<Unit filename="PASAJEROS.h" />
		<Unit filename="PERSONA.cpp" />
		<Unit filename="PERSONA.h" />
		<Unit filename="PROVINCIAS.cpp" />
		<Unit filename="PROVINCIAS.h" />
		<Unit filename="TIEMPO_ACTUAL.cpp" />
		<Unit filename="TIEMPO_ACTUAL.h" />
		<Unit filename="USUARIOS.cpp" />
		<Unit filename="USUARIOS.h" />
		<Unit filename="VIAJES.cpp" />
		<Unit filename="VIAJES.h" />
		<Unit filename="funciones.cpp" />
		<Unit filename="funciones.h" />
		<Unit filename="main.cpp" />
		<Extensions />
	</Project>
</CodeBlocks_project_file>
